
Microsoft Visual Studio Solution File, Format Version 12.00
# Visual Studio Version 17
VisualStudioVersion = 17.4.33213.308
MinimumVisualStudioVersion = 10.0.40219.1
Project("{2150E333-8FDC-42A3-9474-1A3956D46DE8}") = "production", "production", "{9D983AED-981A-44DA-9402-9DC77A5AE565}"
EndProject
Project("{9A19103F-16F7-4668-BE54-9A1E7A4F7556}") = "ApiGateway", "production\ApiGateway\ApiGateway.csproj", "{B146FD51-21BF-4DC2-8CE8-77DE458AD795}"
EndProject
Project("{2150E333-8FDC-42A3-9474-1A3956D46DE8}") = "Services", "Services", "{3F30AFA8-8125-44EC-8BD6-B6482A8B3912}"
EndProject
Project("{9A19103F-16F7-4668-BE54-9A1E7A4F7556}") = "OpenPositionService", "production\Services\OpenPositionService\OpenPositionService.csproj", "{21CF1E9B-0770-45C3-BD5C-B794D21AC2E0}"
EndProject
Project("{9A19103F-16F7-4668-BE54-9A1E7A4F7556}") = "CandidateProfileStatusService", "production\Services\CandidateProfileStatusService\CandidateProfileStatusService.csproj", "{B9EAFC06-2477-41C1-ACE6-6E8059DD8E58}"
EndProject
Project("{2150E333-8FDC-42A3-9474-1A3956D46DE8}") = "Data", "Data", "{9EAD5EE8-8723-4BDE-A7F2-8208B52067A5}"
EndProject
Project("{9A19103F-16F7-4668-BE54-9A1E7A4F7556}") = "RecruitmentManagementSystemDb", "production\Data\RecruitmentManagementSystemDb\RecruitmentManagementSystemDb.csproj", "{66538D58-755A-4D00-8109-C24BC24BAD6B}"
EndProject
Project("{2150E333-8FDC-42A3-9474-1A3956D46DE8}") = "Models", "Models", "{E7CD47EB-3FA3-4C62-87A4-2EB5A92FCB46}"
EndProject
Project("{9A19103F-16F7-4668-BE54-9A1E7A4F7556}") = "RecruitmentManagementSystemModels", "production\Models\RecruitmentManagementSystemModels\RecruitmentManagementSystemModels.csproj", "{69D28F43-F2DD-4ED6-8A28-075B78CD29FD}"
EndProject
Project("{9A19103F-16F7-4668-BE54-9A1E7A4F7556}") = "AccountManagementService", "production\Services\AccountManagementService\AccountManagementService.csproj", "{CE777F4E-7940-4BE6-9A92-490491D448EC}"
EndProject
Global
	GlobalSection(SolutionConfigurationPlatforms) = preSolution
		Debug|Any CPU = Debug|Any CPU
		Release|Any CPU = Release|Any CPU
	EndGlobalSection
	GlobalSection(ProjectConfigurationPlatforms) = postSolution
		{B146FD51-21BF-4DC2-8CE8-77DE458AD795}.Debug|Any CPU.ActiveCfg = Debug|Any CPU
		{B146FD51-21BF-4DC2-8CE8-77DE458AD795}.Debug|Any CPU.Build.0 = Debug|Any CPU
		{B146FD51-21BF-4DC2-8CE8-77DE458AD795}.Release|Any CPU.ActiveCfg = Release|Any CPU
		{B146FD51-21BF-4DC2-8CE8-77DE458AD795}.Release|Any CPU.Build.0 = Release|Any CPU
		{21CF1E9B-0770-45C3-BD5C-B794D21AC2E0}.Debug|Any CPU.ActiveCfg = Debug|Any CPU
		{21CF1E9B-0770-45C3-BD5C-B794D21AC2E0}.Debug|Any CPU.Build.0 = Debug|Any CPU
		{21CF1E9B-0770-45C3-BD5C-B794D21AC2E0}.Release|Any CPU.ActiveCfg = Release|Any CPU
		{21CF1E9B-0770-45C3-BD5C-B794D21AC2E0}.Release|Any CPU.Build.0 = Release|Any CPU
		{B9EAFC06-2477-41C1-ACE6-6E8059DD8E58}.Debug|Any CPU.ActiveCfg = Debug|Any CPU
		{B9EAFC06-2477-41C1-ACE6-6E8059DD8E58}.Debug|Any CPU.Build.0 = Debug|Any CPU
		{B9EAFC06-2477-41C1-ACE6-6E8059DD8E58}.Release|Any CPU.ActiveCfg = Release|Any CPU
		{B9EAFC06-2477-41C1-ACE6-6E8059DD8E58}.Release|Any CPU.Build.0 = Release|Any CPU
		{66538D58-755A-4D00-8109-C24BC24BAD6B}.Debug|Any CPU.ActiveCfg = Debug|Any CPU
		{66538D58-755A-4D00-8109-C24BC24BAD6B}.Debug|Any CPU.Build.0 = Debug|Any CPU
		{66538D58-755A-4D00-8109-C24BC24BAD6B}.Release|Any CPU.ActiveCfg = Release|Any CPU
		{66538D58-755A-4D00-8109-C24BC24BAD6B}.Release|Any CPU.Build.0 = Release|Any CPU
		{69D28F43-F2DD-4ED6-8A28-075B78CD29FD}.Debug|Any CPU.ActiveCfg = Debug|Any CPU
		{69D28F43-F2DD-4ED6-8A28-075B78CD29FD}.Debug|Any CPU.Build.0 = Debug|Any CPU
		{69D28F43-F2DD-4ED6-8A28-075B78CD29FD}.Release|Any CPU.ActiveCfg = Release|Any CPU
		{69D28F43-F2DD-4ED6-8A28-075B78CD29FD}.Release|Any CPU.Build.0 = Release|Any CPU
		{CE777F4E-7940-4BE6-9A92-490491D448EC}.Debug|Any CPU.ActiveCfg = Debug|Any CPU
		{CE777F4E-7940-4BE6-9A92-490491D448EC}.Debug|Any CPU.Build.0 = Debug|Any CPU
		{CE777F4E-7940-4BE6-9A92-490491D448EC}.Release|Any CPU.ActiveCfg = Release|Any CPU
		{CE777F4E-7940-4BE6-9A92-490491D448EC}.Release|Any CPU.Build.0 = Release|Any CPU
	EndGlobalSection
	GlobalSection(SolutionProperties) = preSolution
		HideSolutionNode = FALSE
	EndGlobalSection
	GlobalSection(NestedProjects) = preSolution
		{B146FD51-21BF-4DC2-8CE8-77DE458AD795} = {9D983AED-981A-44DA-9402-9DC77A5AE565}
		{3F30AFA8-8125-44EC-8BD6-B6482A8B3912} = {9D983AED-981A-44DA-9402-9DC77A5AE565}
		{21CF1E9B-0770-45C3-BD5C-B794D21AC2E0} = {3F30AFA8-8125-44EC-8BD6-B6482A8B3912}
		{B9EAFC06-2477-41C1-ACE6-6E8059DD8E58} = {3F30AFA8-8125-44EC-8BD6-B6482A8B3912}
		{9EAD5EE8-8723-4BDE-A7F2-8208B52067A5} = {9D983AED-981A-44DA-9402-9DC77A5AE565}
		{66538D58-755A-4D00-8109-C24BC24BAD6B} = {9EAD5EE8-8723-4BDE-A7F2-8208B52067A5}
		{E7CD47EB-3FA3-4C62-87A4-2EB5A92FCB46} = {9D983AED-981A-44DA-9402-9DC77A5AE565}
		{69D28F43-F2DD-4ED6-8A28-075B78CD29FD} = {E7CD47EB-3FA3-4C62-87A4-2EB5A92FCB46}
		{CE777F4E-7940-4BE6-9A92-490491D448EC} = {3F30AFA8-8125-44EC-8BD6-B6482A8B3912}
	EndGlobalSection
	GlobalSection(ExtensibilityGlobals) = postSolution
		SolutionGuid = {3FAE7D1A-E3CD-4869-A551-05958E6CA458}
	EndGlobalSection
EndGlobal
